
Microsoft Visual Studio Solution File, Format Version 12.00
# Visual Studio 14
VisualStudioVersion = 14.0.23107.0
MinimumVisualStudioVersion = 10.0.40219.1
Project("{FAE04EC0-301F-11D3-BF4B-00C04F79EFBC}") = "Stuff.Web", "Stuff.Web\Stuff.Web.csproj", "{05024E0B-51DF-4212-B6DE-BF18A41DD9B4}"
EndProject
Project("{FAE04EC0-301F-11D3-BF4B-00C04F79EFBC}") = "Stuff.Test", "Stuff.Test\Stuff.Test.csproj", "{13434AC9-B0EE-4AC4-A07C-8039A17D2ED1}"
EndProject
Global
	GlobalSection(SolutionConfigurationPlatforms) = preSolution
		Debug|Any CPU = Debug|Any CPU
		Release|Any CPU = Release|Any CPU
	EndGlobalSection
	GlobalSection(ProjectConfigurationPlatforms) = postSolution
		{05024E0B-51DF-4212-B6DE-BF18A41DD9B4}.Debug|Any CPU.ActiveCfg = Debug|Any CPU
		{05024E0B-51DF-4212-B6DE-BF18A41DD9B4}.Debug|Any CPU.Build.0 = Debug|Any CPU
		{05024E0B-51DF-4212-B6DE-BF18A41DD9B4}.Release|Any CPU.ActiveCfg = Release|Any CPU
		{05024E0B-51DF-4212-B6DE-BF18A41DD9B4}.Release|Any CPU.Build.0 = Release|Any CPU
		{13434AC9-B0EE-4AC4-A07C-8039A17D2ED1}.Debug|Any CPU.ActiveCfg = Debug|Any CPU
		{13434AC9-B0EE-4AC4-A07C-8039A17D2ED1}.Debug|Any CPU.Build.0 = Debug|Any CPU
		{13434AC9-B0EE-4AC4-A07C-8039A17D2ED1}.Release|Any CPU.ActiveCfg = Release|Any CPU
		{13434AC9-B0EE-4AC4-A07C-8039A17D2ED1}.Release|Any CPU.Build.0 = Release|Any CPU
	EndGlobalSection
	GlobalSection(SolutionProperties) = preSolution
		HideSolutionNode = FALSE
	EndGlobalSection
EndGlobal
